
Microsoft Visual Studio Solution File, Format Version 12.00
# Visual Studio Version 16
VisualStudioVersion = 16.0.32002.261
MinimumVisualStudioVersion = 10.0.40219.1
Project("{2150E333-8FDC-42A3-9474-1A3956D46DE8}") = "Services", "Services", "{B352A18B-E0D9-4F35-B7AF-BA2D197661C1}"
EndProject
Project("{2150E333-8FDC-42A3-9474-1A3956D46DE8}") = "Catalog", "Catalog", "{F3BA9963-B309-4A5D-B3A0-166D84103102}"
EndProject
Project("{FAE04EC0-301F-11D3-BF4B-00C04F79EFBC}") = "Catalog.Api", "Services\Catalog\Catalog.Api\Catalog.Api.csproj", "{EEBD5378-FDA9-4A5A-94B2-C4AFC8D399A6}"
EndProject
Global
	GlobalSection(SolutionConfigurationPlatforms) = preSolution
		Debug|Any CPU = Debug|Any CPU
		Release|Any CPU = Release|Any CPU
	EndGlobalSection
	GlobalSection(ProjectConfigurationPlatforms) = postSolution
		{EEBD5378-FDA9-4A5A-94B2-C4AFC8D399A6}.Debug|Any CPU.ActiveCfg = Debug|Any CPU
		{EEBD5378-FDA9-4A5A-94B2-C4AFC8D399A6}.Debug|Any CPU.Build.0 = Debug|Any CPU
		{EEBD5378-FDA9-4A5A-94B2-C4AFC8D399A6}.Release|Any CPU.ActiveCfg = Release|Any CPU
		{EEBD5378-FDA9-4A5A-94B2-C4AFC8D399A6}.Release|Any CPU.Build.0 = Release|Any CPU
	EndGlobalSection
	GlobalSection(SolutionProperties) = preSolution
		HideSolutionNode = FALSE
	EndGlobalSection
	GlobalSection(NestedProjects) = preSolution
		{F3BA9963-B309-4A5D-B3A0-166D84103102} = {B352A18B-E0D9-4F35-B7AF-BA2D197661C1}
		{EEBD5378-FDA9-4A5A-94B2-C4AFC8D399A6} = {F3BA9963-B309-4A5D-B3A0-166D84103102}
	EndGlobalSection
	GlobalSection(ExtensibilityGlobals) = postSolution
		SolutionGuid = {FCE24994-0AA1-4F72-9412-69F00388AF24}
	EndGlobalSection
EndGlobal
